// !$*UTF8*$!
{
	archiveVersion = 1;
	classes = {
	};
	objectVersion = 46;
	objects = {

/* Begin PBXBuildFile section */
		D01E0FB91A94AD1A0006C70D /* main.m in Sources */ = {isa = PBXBuildFile; fileRef = D01E0FB81A94AD1A0006C70D /* main.m */; };
		D01E0FBC1A94AD1A0006C70D /* AppDelegate.m in Sources */ = {isa = PBXBuildFile; fileRef = D01E0FBB1A94AD1A0006C70D /* AppDelegate.m */; };
		D01E0FC21A94AD1A0006C70D /* Main.storyboard in Resources */ = {isa = PBXBuildFile; fileRef = D01E0FC01A94AD1A0006C70D /* Main.storyboard */; };
		D01E0FC41A94AD1B0006C70D /* Images.xcassets in Resources */ = {isa = PBXBuildFile; fileRef = D01E0FC31A94AD1B0006C70D /* Images.xcassets */; };
		D01E0FC71A94AD1B0006C70D /* LaunchScreen.xib in Resources */ = {isa = PBXBuildFile; fileRef = D01E0FC51A94AD1B0006C70D /* LaunchScreen.xib */; };
		D01E0FD31A94AD1B0006C70D /* ToDoListTests.m in Sources */ = {isa = PBXBuildFile; fileRef = D01E0FD21A94AD1B0006C70D /* ToDoListTests.m */; };
		D01E0FDE1A95DD900006C70D /* AddToDoViewController.m in Sources */ = {isa = PBXBuildFile; fileRef = D01E0FDD1A95DD900006C70D /* AddToDoViewController.m */; };
		D01E0FE11A95DE710006C70D /* ToDoListTableViewController.m in Sources */ = {isa = PBXBuildFile; fileRef = D01E0FE01A95DE710006C70D /* ToDoListTableViewController.m */; };
		D01E0FE71A97CF6B0006C70D /* ToDoItem.m in Sources */ = {isa = PBXBuildFile; fileRef = D01E0FE61A97CF6B0006C70D /* ToDoItem.m */; };
/* End PBXBuildFile section */

/* Begin PBXContainerItemProxy section */
		D01E0FCD1A94AD1B0006C70D /* PBXContainerItemProxy */ = {
			isa = PBXContainerItemProxy;
			containerPortal = D01E0FAB1A94AD1A0006C70D /* Project object */;
			proxyType = 1;
			remoteGlobalIDString = D01E0FB21A94AD1A0006C70D;
			remoteInfo = ToDoList;
		};
/* End PBXContainerItemProxy section */

/* Begin PBXFileReference section */
		D01E0FB31A94AD1A0006C70D /* ToDoList.app */ = {isa = PBXFileReference; explicitFileType = wrapper.application; includeInIndex = 0; path = ToDoList.app; sourceTree = BUILT_PRODUCTS_DIR; };
		D01E0FB71A94AD1A0006C70D /* Info.plist */ = {isa = PBXFileReference; lastKnownFileType = text.plist.xml; path = Info.plist; sourceTree = "<group>"; };
		D01E0FB81A94AD1A0006C70D /* main.m */ = {isa = PBXFileReference; lastKnownFileType = sourcecode.c.objc; path = main.m; sourceTree = "<group>"; };
		D01E0FBA1A94AD1A0006C70D /* AppDelegate.h */ = {isa = PBXFileReference; lastKnownFileType = sourcecode.c.h; path = AppDelegate.h; sourceTree = "<group>"; };
		D01E0FBB1A94AD1A0006C70D /* AppDelegate.m */ = {isa = PBXFileReference; lastKnownFileType = sourcecode.c.objc; path = AppDelegate.m; sourceTree = "<group>"; };
		D01E0FC11A94AD1A0006C70D /* Base */ = {isa = PBXFileReference; lastKnownFileType = file.storyboard; name = Base; path = Base.lproj/Main.storyboard; sourceTree = "<group>"; };
		D01E0FC31A94AD1B0006C70D /* Images.xcassets */ = {isa = PBXFileReference; lastKnownFileType = folder.assetcatalog; path = Images.xcassets; sourceTree = "<group>"; };
		D01E0FC61A94AD1B0006C70D /* Base */ = {isa = PBXFileReference; lastKnownFileType = file.xib; name = Base; path = Base.lproj/LaunchScreen.xib; sourceTree = "<group>"; };
		D01E0FCC1A94AD1B0006C70D /* ToDoListTests.xctest */ = {isa = PBXFileReference; explicitFileType = wrapper.cfbundle; includeInIndex = 0; path = ToDoListTests.xctest; sourceTree = BUILT_PRODUCTS_DIR; };
		D01E0FD11A94AD1B0006C70D /* Info.plist */ = {isa = PBXFileReference; lastKnownFileType = text.plist.xml; path = Info.plist; sourceTree = "<group>"; };
		D01E0FD21A94AD1B0006C70D /* ToDoListTests.m */ = {isa = PBXFileReference; lastKnownFileType = sourcecode.c.objc; path = ToDoListTests.m; sourceTree = "<group>"; };
		D01E0FDC1A95DD900006C70D /* AddToDoViewController.h */ = {isa = PBXFileReference; fileEncoding = 4; lastKnownFileType = sourcecode.c.h; name = AddToDoViewController.h; path = ../AddToDoViewController.h; sourceTree = "<group>"; };
		D01E0FDD1A95DD900006C70D /* AddToDoViewController.m */ = {isa = PBXFileReference; fileEncoding = 4; lastKnownFileType = sourcecode.c.objc; name = AddToDoViewController.m; path = ../AddToDoViewController.m; sourceTree = "<group>"; };
		D01E0FDF1A95DE710006C70D /* ToDoListTableViewController.h */ = {isa = PBXFileReference; fileEncoding = 4; lastKnownFileType = sourcecode.c.h; path = ToDoListTableViewController.h; sourceTree = "<group>"; };
		D01E0FE01A95DE710006C70D /* ToDoListTableViewController.m */ = {isa = PBXFileReference; fileEncoding = 4; lastKnownFileType = sourcecode.c.objc; path = ToDoListTableViewController.m; sourceTree = "<group>"; };
		D01E0FE51A97CF6B0006C70D /* ToDoItem.h */ = {isa = PBXFileReference; fileEncoding = 4; lastKnownFileType = sourcecode.c.h; path = ToDoItem.h; sourceTree = "<group>"; };
		D01E0FE61A97CF6B0006C70D /* ToDoItem.m */ = {isa = PBXFileReference; fileEncoding = 4; lastKnownFileType = sourcecode.c.objc; path = ToDoItem.m; sourceTree = "<group>"; };
/* End PBXFileReference section */

/* Begin PBXFrameworksBuildPhase section */
		D01E0FB01A94AD1A0006C70D /* Frameworks */ = {
			isa = PBXFrameworksBuildPhase;
			buildActionMask = 2147483647;
			files = (
			);
			runOnlyForDeploymentPostprocessing = 0;
		};
		D01E0FC91A94AD1B0006C70D /* Frameworks */ = {
			isa = PBXFrameworksBuildPhase;
			buildActionMask = 2147483647;
			files = (
			);
			runOnlyForDeploymentPostprocessing = 0;
		};
/* End PBXFrameworksBuildPhase section */

/* Begin PBXGroup section */
		D01E0FAA1A94AD1A0006C70D = {
			isa = PBXGroup;
			children = (
				D01E0FB51A94AD1A0006C70D /* ToDoList */,
				D01E0FCF1A94AD1B0006C70D /* ToDoListTests */,
				D01E0FB41A94AD1A0006C70D /* Products */,
			);
			sourceTree = "<group>";
		};
		D01E0FB41A94AD1A0006C70D /* Products */ = {
			isa = PBXGroup;
			children = (
				D01E0FB31A94AD1A0006C70D /* ToDoList.app */,
				D01E0FCC1A94AD1B0006C70D /* ToDoListTests.xctest */,
			);
			name = Products;
			sourceTree = "<group>";
		};
		D01E0FB51A94AD1A0006C70D /* ToDoList */ = {
			isa = PBXGroup;
			children = (
				D01E0FE41A95E5F30006C70D /* Models */,
				D01E0FE31A95E5CC0006C70D /* Views */,
				D01E0FE21A95E5C20006C70D /* Controllers */,
				D01E0FBA1A94AD1A0006C70D /* AppDelegate.h */,
				D01E0FBB1A94AD1A0006C70D /* AppDelegate.m */,
				D01E0FC31A94AD1B0006C70D /* Images.xcassets */,
				D01E0FB61A94AD1A0006C70D /* Supporting Files */,
			);
			path = ToDoList;
			sourceTree = "<group>";
		};
		D01E0FB61A94AD1A0006C70D /* Supporting Files */ = {
			isa = PBXGroup;
			children = (
				D01E0FB71A94AD1A0006C70D /* Info.plist */,
				D01E0FB81A94AD1A0006C70D /* main.m */,
			);
			name = "Supporting Files";
			sourceTree = "<group>";
		};
		D01E0FCF1A94AD1B0006C70D /* ToDoListTests */ = {
			isa = PBXGroup;
			children = (
				D01E0FD21A94AD1B0006C70D /* ToDoListTests.m */,
				D01E0FD01A94AD1B0006C70D /* Supporting Files */,
			);
			path = ToDoListTests;
			sourceTree = "<group>";
		};
		D01E0FD01A94AD1B0006C70D /* Supporting Files */ = {
			isa = PBXGroup;
			children = (
				D01E0FD11A94AD1B0006C70D /* Info.plist */,
			);
			name = "Supporting Files";
			sourceTree = "<group>";
		};
		D01E0FE21A95E5C20006C70D /* Controllers */ = {
			isa = PBXGroup;
			children = (
				D01E0FDF1A95DE710006C70D /* ToDoListTableViewController.h */,
				D01E0FE01A95DE710006C70D /* ToDoListTableViewController.m */,
				D01E0FDC1A95DD900006C70D /* AddToDoViewController.h */,
				D01E0FDD1A95DD900006C70D /* AddToDoViewController.m */,
			);
			name = Controllers;
			sourceTree = "<group>";
		};
		D01E0FE31A95E5CC0006C70D /* Views */ = {
			isa = PBXGroup;
			children = (
				D01E0FC51A94AD1B0006C70D /* LaunchScreen.xib */,
				D01E0FC01A94AD1A0006C70D /* Main.storyboard */,
			);
			name = Views;
			sourceTree = "<group>";
		};
		D01E0FE41A95E5F30006C70D /* Models */ = {
			isa = PBXGroup;
			children = (
				D01E0FE51A97CF6B0006C70D /* ToDoItem.h */,
				D01E0FE61A97CF6B0006C70D /* ToDoItem.m */,
			);
			name = Models;
			sourceTree = "<group>";
		};
/* End PBXGroup section */

/* Begin PBXNativeTarget section */
		D01E0FB21A94AD1A0006C70D /* ToDoList */ = {
			isa = PBXNativeTarget;
			buildConfigurationList = D01E0FD61A94AD1B0006C70D /* Build configuration list for PBXNativeTarget "ToDoList" */;
			buildPhases = (
				D01E0FAF1A94AD1A0006C70D /* Sources */,
				D01E0FB01A94AD1A0006C70D /* Frameworks */,
				D01E0FB11A94AD1A0006C70D /* Resources */,
			);
			buildRules = (
			);
			dependencies = (
			);
			name = ToDoList;
			productName = ToDoList;
			productReference = D01E0FB31A94AD1A0006C70D /* ToDoList.app */;
			productType = "com.apple.product-type.application";
		};
		D01E0FCB1A94AD1B0006C70D /* ToDoListTests */ = {
			isa = PBXNativeTarget;
			buildConfigurationList = D01E0FD91A94AD1B0006C70D /* Build configuration list for PBXNativeTarget "ToDoListTests" */;
			buildPhases = (
				D01E0FC81A94AD1B0006C70D /* Sources */,
				D01E0FC91A94AD1B0006C70D /* Frameworks */,
				D01E0FCA1A94AD1B0006C70D /* Resources */,
			);
			buildRules = (
			);
			dependencies = (
				D01E0FCE1A94AD1B0006C70D /* PBXTargetDependency */,
			);
			name = ToDoListTests;
			productName = ToDoListTests;
			productReference = D01E0FCC1A94AD1B0006C70D /* ToDoListTests.xctest */;
			productType = "com.apple.product-type.bundle.unit-test";
		};
/* End PBXNativeTarget section */

/* Begin PBXProject section */
		D01E0FAB1A94AD1A0006C70D /* Project object */ = {
			isa = PBXProject;
			attributes = {
				LastUpgradeCheck = 0610;
				ORGANIZATIONNAME = "Daniel Stepanov";
				TargetAttributes = {
					D01E0FB21A94AD1A0006C70D = {
						CreatedOnToolsVersion = 6.1.1;
					};
					D01E0FCB1A94AD1B0006C70D = {
						CreatedOnToolsVersion = 6.1.1;
						TestTargetID = D01E0FB21A94AD1A0006C70D;
					};
				};
			};
			buildConfigurationList = D01E0FAE1A94AD1A0006C70D /* Build configuration list for PBXProject "ToDoList" */;
			compatibilityVersion = "Xcode 3.2";
			developmentRegion = English;
			hasScannedForEncodings = 0;
			knownRegions = (
				en,
				Base,
			);
			mainGroup = D01E0FAA1A94AD1A0006C70D;
			productRefGroup = D01E0FB41A94AD1A0006C70D /* Products */;
			projectDirPath = "";
			projectRoot = "";
			targets = (
				D01E0FB21A94AD1A0006C70D /* ToDoList */,
				D01E0FCB1A94AD1B0006C70D /* ToDoListTests */,
			);
		};
/* End PBXProject section */

/* Begin PBXResourcesBuildPhase section */
		D01E0FB11A94AD1A0006C70D /* Resources */ = {
			isa = PBXResourcesBuildPhase;
			buildActionMask = 2147483647;
			files = (
				D01E0FC21A94AD1A0006C70D /* Main.storyboard in Resources */,
				D01E0FC71A94AD1B0006C70D /* LaunchScreen.xib in Resources */,
				D01E0FC41A94AD1B0006C70D /* Images.xcassets in Resources */,
			);
			runOnlyForDeploymentPostprocessing = 0;
		};
		D01E0FCA1A94AD1B0006C70D /* Resources */ = {
			isa = PBXResourcesBuildPhase;
			buildActionMask = 2147483647;
			files = (
			);
			runOnlyForDeploymentPostprocessing = 0;
		};
/* End PBXResourcesBuildPhase section */

/* Begin PBXSourcesBuildPhase section */
		D01E0FAF1A94AD1A0006C70D /* Sources */ = {
			isa = PBXSourcesBuildPhase;
			buildActionMask = 2147483647;
			files = (
				D01E0FDE1A95DD900006C70D /* AddToDoViewController.m in Sources */,
				D01E0FE71A97CF6B0006C70D /* ToDoItem.m in Sources */,
				D01E0FE11A95DE710006C70D /* ToDoListTableViewController.m in Sources */,
				D01E0FBC1A94AD1A0006C70D /* AppDelegate.m in Sources */,
				D01E0FB91A94AD1A0006C70D /* main.m in Sources */,
			);
			runOnlyForDeploymentPostprocessing = 0;
		};
		D01E0FC81A94AD1B0006C70D /* Sources */ = {
			isa = PBXSourcesBuildPhase;
			buildActionMask = 2147483647;
			files = (
				D01E0FD31A94AD1B0006C70D /* ToDoListTests.m in Sources */,
			);
			runOnlyForDeploymentPostprocessing = 0;
		};
/* End PBXSourcesBuildPhase section */

/* Begin PBXTargetDependency section */
		D01E0FCE1A94AD1B0006C70D /* PBXTargetDependency */ = {
			isa = PBXTargetDependency;
			target = D01E0FB21A94AD1A0006C70D /* ToDoList */;
			targetProxy = D01E0FCD1A94AD1B0006C70D /* PBXContainerItemProxy */;
		};
/* End PBXTargetDependency section */

/* Begin PBXVariantGroup section */
		D01E0FC01A94AD1A0006C70D /* Main.storyboard */ = {
			isa = PBXVariantGroup;
			children = (
				D01E0FC11A94AD1A0006C70D /* Base */,
			);
			name = Main.storyboard;
			sourceTree = "<group>";
		};
		D01E0FC51A94AD1B0006C70D /* LaunchScreen.xib */ = {
			isa = PBXVariantGroup;
			children = (
				D01E0FC61A94AD1B0006C70D /* Base */,
			);
			name = LaunchScreen.xib;
			sourceTree = "<group>";
		};
/* End PBXVariantGroup section */

/* Begin XCBuildConfiguration section */
		D01E0FD41A94AD1B0006C70D /* Debug */ = {
			isa = XCBuildConfiguration;
			buildSettings = {
				ALWAYS_SEARCH_USER_PATHS = NO;
				CLANG_CXX_LANGUAGE_STANDARD = "gnu++0x";
				CLANG_CXX_LIBRARY = "libc++";
				CLANG_ENABLE_MODULES = YES;
				CLANG_ENABLE_OBJC_ARC = YES;
				CLANG_WARN_BOOL_CONVERSION = YES;
				CLANG_WARN_CONSTANT_CONVERSION = YES;
				CLANG_WARN_DIRECT_OBJC_ISA_USAGE = YES_ERROR;
				CLANG_WARN_EMPTY_BODY = YES;
				CLANG_WARN_ENUM_CONVERSION = YES;
				CLANG_WARN_INT_CONVERSION = YES;
				CLANG_WARN_OBJC_ROOT_CLASS = YES_ERROR;
				CLANG_WARN_UNREACHABLE_CODE = YES;
				CLANG_WARN__DUPLICATE_METHOD_MATCH = YES;
				"CODE_SIGN_IDENTITY[sdk=iphoneos*]" = "iPhone Developer";
				COPY_PHASE_STRIP = NO;
				ENABLE_STRICT_OBJC_MSGSEND = YES;
				GCC_C_LANGUAGE_STANDARD = gnu99;
				GCC_DYNAMIC_NO_PIC = NO;
				GCC_OPTIMIZATION_LEVEL = 0;
				GCC_PREPROCESSOR_DEFINITIONS = (
					"DEBUG=1",
					"$(inherited)",
				);
				GCC_SYMBOLS_PRIVATE_EXTERN = NO;
				GCC_WARN_64_TO_32_BIT_CONVERSION = YES;
				GCC_WARN_ABOUT_RETURN_TYPE = YES_ERROR;
				GCC_WARN_UNDECLARED_SELECTOR = YES;
				GCC_WARN_UNINITIALIZED_AUTOS = YES_AGGRESSIVE;
				GCC_WARN_UNUSED_FUNCTION = YES;
				GCC_WARN_UNUSED_VARIABLE = YES;
				IPHONEOS_DEPLOYMENT_TARGET = 8.1;
				MTL_ENABLE_DEBUG_INFO = YES;
				ONLY_ACTIVE_ARCH = YES;
				SDKROOT = iphoneos;
				TARGETED_DEVICE_FAMILY = "1,2";
			};
			name = Debug;
		};
		D01E0FD51A94AD1B0006C70D /* Release */ = {
			isa = XCBuildConfiguration;
			buildSettings = {
				ALWAYS_SEARCH_USER_PATHS = NO;
				CLANG_CXX_LANGUAGE_STANDARD = "gnu++0x";
				CLANG_CXX_LIBRARY = "libc++";
				CLANG_ENABLE_MODULES = YES;
				CLANG_ENABLE_OBJC_ARC = YES;
				CLANG_WARN_BOOL_CONVERSION = YES;
				CLANG_WARN_CONSTANT_CONVERSION = YES;
				CLANG_WARN_DIRECT_OBJC_ISA_USAGE = YES_ERROR;
				CLANG_WARN_EMPTY_BODY = YES;
				CLANG_WARN_ENUM_CONVERSION = YES;
				CLANG_WARN_INT_CONVERSION = YES;
				CLANG_WARN_OBJC_ROOT_CLASS = YES_ERROR;
				CLANG_WARN_UNREACHABLE_CODE = YES;
				CLANG_WARN__DUPLICATE_METHOD_MATCH = YES;
				"CODE_SIGN_IDENTITY[sdk=iphoneos*]" = "iPhone Developer";
				COPY_PHASE_STRIP = YES;
				ENABLE_NS_ASSERTIONS = NO;
				ENABLE_STRICT_OBJC_MSGSEND = YES;
				GCC_C_LANGUAGE_STANDARD = gnu99;
				GCC_WARN_64_TO_32_BIT_CONVERSION = YES;
				GCC_WARN_ABOUT_RETURN_TYPE = YES_ERROR;
				GCC_WARN_UNDECLARED_SELECTOR = YES;
				GCC_WARN_UNINITIALIZED_AUTOS = YES_AGGRESSIVE;
				GCC_WARN_UNUSED_FUNCTION = YES;
				GCC_WARN_UNUSED_VARIABLE = YES;
				IPHONEOS_DEPLOYMENT_TARGET = 8.1;
				MTL_ENABLE_DEBUG_INFO = NO;
				SDKROOT = iphoneos;
				TARGETED_DEVICE_FAMILY = "1,2";
				VALIDATE_PRODUCT = YES;
			};
			name = Release;
		};
		D01E0FD71A94AD1B0006C70D /* Debug */ = {
			isa = XCBuildConfiguration;
			buildSettings = {
				ASSETCATALOG_COMPILER_APPICON_NAME = AppIcon;
				INFOPLIST_FILE = ToDoList/Info.plist;
				LD_RUNPATH_SEARCH_PATHS = "$(inherited) @executable_path/Frameworks";
				PRODUCT_NAME = "$(TARGET_NAME)";
			};
			name = Debug;
		};
		D01E0FD81A94AD1B0006C70D /* Release */ = {
			isa = XCBuildConfiguration;
			buildSettings = {
				ASSETCATALOG_COMPILER_APPICON_NAME = AppIcon;
				INFOPLIST_FILE = ToDoList/Info.plist;
				LD_RUNPATH_SEARCH_PATHS = "$(inherited) @executable_path/Frameworks";
				PRODUCT_NAME = "$(TARGET_NAME)";
			};
			name = Release;
		};
		D01E0FDA1A94AD1B0006C70D /* Debug */ = {
			isa = XCBuildConfiguration;
			buildSettings = {
				BUNDLE_LOADER = "$(TEST_HOST)";
				FRAMEWORK_SEARCH_PATHS = (
					"$(SDKROOT)/Developer/Library/Frameworks",
					"$(inherited)",
				);
				GCC_PREPROCESSOR_DEFINITIONS = (
					"DEBUG=1",
					"$(inherited)",
				);
				INFOPLIST_FILE = ToDoListTests/Info.plist;
				LD_RUNPATH_SEARCH_PATHS = "$(inherited) @executable_path/Frameworks @loader_path/Frameworks";
				PRODUCT_NAME = "$(TARGET_NAME)";
				TEST_HOST = "$(BUILT_PRODUCTS_DIR)/ToDoList.app/ToDoList";
			};
			name = Debug;
		};
		D01E0FDB1A94AD1B0006C70D /* Release */ = {
			isa = XCBuildConfiguration;
			buildSettings = {
				BUNDLE_LOADER = "$(TEST_HOST)";
				FRAMEWORK_SEARCH_PATHS = (
					"$(SDKROOT)/Developer/Library/Frameworks",
					"$(inherited)",
				);
				INFOPLIST_FILE = ToDoListTests/Info.plist;
				LD_RUNPATH_SEARCH_PATHS = "$(inherited) @executable_path/Frameworks @loader_path/Frameworks";
				PRODUCT_NAME = "$(TARGET_NAME)";
				TEST_HOST = "$(BUILT_PRODUCTS_DIR)/ToDoList.app/ToDoList";
			};
			name = Release;
		};
/* End XCBuildConfiguration section */

/* Begin XCConfigurationList section */
		D01E0FAE1A94AD1A0006C70D /* Build configuration list for PBXProject "ToDoList" */ = {
			isa = XCConfigurationList;
			buildConfigurations = (
				D01E0FD41A94AD1B0006C70D /* Debug */,
				D01E0FD51A94AD1B0006C70D /* Release */,
			);
			defaultConfigurationIsVisible = 0;
			defaultConfigurationName = Release;
		};
		D01E0FD61A94AD1B0006C70D /* Build configuration list for PBXNativeTarget "ToDoList" */ = {
			isa = XCConfigurationList;
			buildConfigurations = (
				D01E0FD71A94AD1B0006C70D /* Debug */,
				D01E0FD81A94AD1B0006C70D /* Release */,
			);
			defaultConfigurationIsVisible = 0;
		};
		D01E0FD91A94AD1B0006C70D /* Build configuration list for PBXNativeTarget "ToDoListTests" */ = {
			isa = XCConfigurationList;
			buildConfigurations = (
				D01E0FDA1A94AD1B0006C70D /* Debug */,
				D01E0FDB1A94AD1B0006C70D /* Release */,
			);
			defaultConfigurationIsVisible = 0;
		};
/* End XCConfigurationList section */
	};
	rootObject = D01E0FAB1A94AD1A0006C70D /* Project object */;
}
